
Microsoft Visual Studio Solution File, Format Version 12.00
# Visual Studio Version 17
VisualStudioVersion = 17.2.32630.192
MinimumVisualStudioVersion = 10.0.40219.1
Project("{FAE04EC0-301F-11D3-BF4B-00C04F79EFBC}") = "Working with Classes", "Working with Classes.csproj", "{4D5764F5-9A82-474A-B690-C37BE2888690}"
EndProject
Global
	GlobalSection(SolutionConfigurationPlatforms) = preSolution
		Debug|Any CPU = Debug|Any CPU
		Release|Any CPU = Release|Any CPU
	EndGlobalSection
	GlobalSection(ProjectConfigurationPlatforms) = postSolution
		{4D5764F5-9A82-474A-B690-C37BE2888690}.Debug|Any CPU.ActiveCfg = Debug|Any CPU
		{4D5764F5-9A82-474A-B690-C37BE2888690}.Debug|Any CPU.Build.0 = Debug|Any CPU
		{4D5764F5-9A82-474A-B690-C37BE2888690}.Release|Any CPU.ActiveCfg = Release|Any CPU
		{4D5764F5-9A82-474A-B690-C37BE2888690}.Release|Any CPU.Build.0 = Release|Any CPU
	EndGlobalSection
	GlobalSection(SolutionProperties) = preSolution
		HideSolutionNode = FALSE
	EndGlobalSection
	GlobalSection(ExtensibilityGlobals) = postSolution
		SolutionGuid = {A1838453-389A-4166-A8C5-8E1187515B86}
	EndGlobalSection
EndGlobal
